# THIS IS AN AUTOGENERATED FILE. DO NOT EDIT THIS FILE DIRECTLY.
# yarn lockfile v1


"@splidejs/splide-extension-video@^0.4.6":
  version "0.4.6"
  resolved "https://registry.yarnpkg.com/@splidejs/splide-extension-video/-/splide-extension-video-0.4.6.tgz#fe832e0a2f87a56896e800aead73e6ef78f2cb96"
  integrity sha512-UEqxkuYClYDhV+DsX9384wKj6FWwWN3HUvUXcNPVKZiHvh0Zn0t1M2w/hcDRJ3VtCxFhx92Kgzlkf22HqdyF+g==
  dependencies:
    "@vimeo/player" "^2.10.0"

"@splidejs/splide@^2.4.13":
  version "2.4.14"
  resolved "https://registry.yarnpkg.com/@splidejs/splide/-/splide-2.4.14.tgz#5b94cbe28a5428850c20865e946ea85c6183b48e"
  integrity sha512-TSw8lH0iuWYbcRbOx2J9CMXmKIjbQMBTMkIufUdDqV2q4/7cgcOwy0EkCfKst72SN1jnsj/LurGoOPFocUTq4Q==

"@splidejs/vue-splide@^0.3.5":
  version "0.3.5"
  resolved "https://registry.yarnpkg.com/@splidejs/vue-splide/-/vue-splide-0.3.5.tgz#375d3c615fd88c612f46b8029b4ad2007ad6991b"
  integrity sha512-eI4Kl2v+yAGKMVa9MtfIIPPZtplTfKPx4rCJlZqfethl3tCOGQwL9MxSyLk6bUhl31aOuClxmXQv8O5ubU8fNQ==
  dependencies:
    "@splidejs/splide" "^2.4.13"
    "@splidejs/splide-extension-video" "^0.4.6"
    vue "^2.6.12"

"@vimeo/player@^2.10.0":
  version "2.14.1"
  resolved "https://registry.yarnpkg.com/@vimeo/player/-/player-2.14.1.tgz#f35fd141fbd096555d1090e53625364cb0874fff"
  integrity sha512-PXIATVxUfblTbRoSXzNcplJFjsho6e32ltfEm4po/RFZcAOYefOO4mjxDMGUTAzo937DZvjd5n1u7+EfGHuLPw==
  dependencies:
    native-promise-only "0.8.1"
    weakmap-polyfill "2.0.1"

native-promise-only@0.8.1:
  version "0.8.1"
  resolved "https://registry.yarnpkg.com/native-promise-only/-/native-promise-only-0.8.1.tgz#20a318c30cb45f71fe7adfbf7b21c99c1472ef11"
  integrity sha1-IKMYwwy0X3H+et+/eyHJnBRy7xE=

vue@^2.6.12:
  version "2.6.12"
  resolved "https://registry.yarnpkg.com/vue/-/vue-2.6.12.tgz#f5ebd4fa6bd2869403e29a896aed4904456c9123"
  integrity sha512-uhmLFETqPPNyuLLbsKz6ioJ4q7AZHzD8ZVFNATNyICSZouqP2Sz0rotWQC8UNBF6VGSCs5abnKJoStA6JbCbfg==

weakmap-polyfill@2.0.1:
  version "2.0.1"
  resolved "https://registry.yarnpkg.com/weakmap-polyfill/-/weakmap-polyfill-2.0.1.tgz#ff0278c7f75bb0c492fc3343257f3e87114d709a"
  integrity sha512-Jy177Lvb1LCrPQDWJsXyyqf4eOhcdvQHFGoCqSv921kVF5i42MVbr4e2WEwetuTLBn1NX0IhPzTmMu0N3cURqQ==
